
Microsoft Visual Studio Solution File, Format Version 12.00
# Visual Studio Version 17
VisualStudioVersion = 17.11.35327.3
MinimumVisualStudioVersion = 10.0.40219.1
Project("{8BC9CEB8-8B4A-11D0-8D11-00A0C91BC942}") = "Zad3", "Zad3.vcxproj", "{1B0BF424-9C5A-4A3A-BB8F-3CA3871DF62E}"
EndProject
Global
	GlobalSection(SolutionConfigurationPlatforms) = preSolution
		Debug|x64 = Debug|x64
		Debug|x86 = Debug|x86
		Release|x64 = Release|x64
		Release|x86 = Release|x86
	EndGlobalSection
	GlobalSection(ProjectConfigurationPlatforms) = postSolution
		{1B0BF424-9C5A-4A3A-BB8F-3CA3871DF62E}.Debug|x64.ActiveCfg = Debug|x64
		{1B0BF424-9C5A-4A3A-BB8F-3CA3871DF62E}.Debug|x64.Build.0 = Debug|x64
		{1B0BF424-9C5A-4A3A-BB8F-3CA3871DF62E}.Debug|x86.ActiveCfg = Debug|Win32
		{1B0BF424-9C5A-4A3A-BB8F-3CA3871DF62E}.Debug|x86.Build.0 = Debug|Win32
		{1B0BF424-9C5A-4A3A-BB8F-3CA3871DF62E}.Release|x64.ActiveCfg = Release|x64
		{1B0BF424-9C5A-4A3A-BB8F-3CA3871DF62E}.Release|x64.Build.0 = Release|x64
		{1B0BF424-9C5A-4A3A-BB8F-3CA3871DF62E}.Release|x86.ActiveCfg = Release|Win32
		{1B0BF424-9C5A-4A3A-BB8F-3CA3871DF62E}.Release|x86.Build.0 = Release|Win32
	EndGlobalSection
	GlobalSection(SolutionProperties) = preSolution
		HideSolutionNode = FALSE
	EndGlobalSection
	GlobalSection(ExtensibilityGlobals) = postSolution
		SolutionGuid = {1F18BAE0-DE9B-4687-AEAD-E6AE248B4644}
	EndGlobalSection
EndGlobal
