
Microsoft Visual Studio Solution File, Format Version 12.00
# Visual Studio Version 17
VisualStudioVersion = 17.8.34511.84
MinimumVisualStudioVersion = 10.0.40219.1
Project("{FAE04EC0-301F-11D3-BF4B-00C04F79EFBC}") = "cw8_listBox", "cw8_listBox\cw8_listBox.csproj", "{BA2A9693-83BF-4DC5-8E97-DBED1B8D9099}"
EndProject
Global
	GlobalSection(SolutionConfigurationPlatforms) = preSolution
		Debug|Any CPU = Debug|Any CPU
		Release|Any CPU = Release|Any CPU
	EndGlobalSection
	GlobalSection(ProjectConfigurationPlatforms) = postSolution
		{BA2A9693-83BF-4DC5-8E97-DBED1B8D9099}.Debug|Any CPU.ActiveCfg = Debug|Any CPU
		{BA2A9693-83BF-4DC5-8E97-DBED1B8D9099}.Debug|Any CPU.Build.0 = Debug|Any CPU
		{BA2A9693-83BF-4DC5-8E97-DBED1B8D9099}.Release|Any CPU.ActiveCfg = Release|Any CPU
		{BA2A9693-83BF-4DC5-8E97-DBED1B8D9099}.Release|Any CPU.Build.0 = Release|Any CPU
	EndGlobalSection
	GlobalSection(SolutionProperties) = preSolution
		HideSolutionNode = FALSE
	EndGlobalSection
	GlobalSection(ExtensibilityGlobals) = postSolution
		SolutionGuid = {12129C43-EFD3-4206-A7CE-98161E901B08}
	EndGlobalSection
EndGlobal
