
Microsoft Visual Studio Solution File, Format Version 12.00
# Visual Studio Version 17
VisualStudioVersion = 17.9.34714.143
MinimumVisualStudioVersion = 10.0.40219.1
Project("{FAE04EC0-301F-11D3-BF4B-00C04F79EFBC}") = "Swieta2024", "Swieta2024.csproj", "{3DD88A2D-6852-4D7C-9A4F-3BD7231817A5}"
EndProject
Global
	GlobalSection(SolutionConfigurationPlatforms) = preSolution
		Debug|Any CPU = Debug|Any CPU
		Release|Any CPU = Release|Any CPU
	EndGlobalSection
	GlobalSection(ProjectConfigurationPlatforms) = postSolution
		{3DD88A2D-6852-4D7C-9A4F-3BD7231817A5}.Debug|Any CPU.ActiveCfg = Debug|Any CPU
		{3DD88A2D-6852-4D7C-9A4F-3BD7231817A5}.Debug|Any CPU.Build.0 = Debug|Any CPU
		{3DD88A2D-6852-4D7C-9A4F-3BD7231817A5}.Release|Any CPU.ActiveCfg = Release|Any CPU
		{3DD88A2D-6852-4D7C-9A4F-3BD7231817A5}.Release|Any CPU.Build.0 = Release|Any CPU
	EndGlobalSection
	GlobalSection(SolutionProperties) = preSolution
		HideSolutionNode = FALSE
	EndGlobalSection
	GlobalSection(ExtensibilityGlobals) = postSolution
		SolutionGuid = {B4F6A1A1-8588-4F98-846A-C7434538102B}
	EndGlobalSection
EndGlobal
