
Microsoft Visual Studio Solution File, Format Version 12.00
# Visual Studio Version 17
VisualStudioVersion = 17.5.002.0
MinimumVisualStudioVersion = 10.0.40219.1
Project("{9A19103F-16F7-4668-BE54-9A1E7A4F7556}") = "cw11", "cw11.csproj", "{045A6AE3-D58C-438C-AA03-0D9C7BA5D717}"
EndProject
Global
	GlobalSection(SolutionConfigurationPlatforms) = preSolution
		Debug|Any CPU = Debug|Any CPU
		Release|Any CPU = Release|Any CPU
	EndGlobalSection
	GlobalSection(ProjectConfigurationPlatforms) = postSolution
		{045A6AE3-D58C-438C-AA03-0D9C7BA5D717}.Debug|Any CPU.ActiveCfg = Debug|Any CPU
		{045A6AE3-D58C-438C-AA03-0D9C7BA5D717}.Debug|Any CPU.Build.0 = Debug|Any CPU
		{045A6AE3-D58C-438C-AA03-0D9C7BA5D717}.Release|Any CPU.ActiveCfg = Release|Any CPU
		{045A6AE3-D58C-438C-AA03-0D9C7BA5D717}.Release|Any CPU.Build.0 = Release|Any CPU
	EndGlobalSection
	GlobalSection(SolutionProperties) = preSolution
		HideSolutionNode = FALSE
	EndGlobalSection
	GlobalSection(ExtensibilityGlobals) = postSolution
		SolutionGuid = {B4E9C417-B4B2-4F15-AAEB-4AE2E1795FBB}
	EndGlobalSection
EndGlobal
