
Microsoft Visual Studio Solution File, Format Version 12.00
# Visual Studio Version 17
VisualStudioVersion = 17.11.35222.181
MinimumVisualStudioVersion = 10.0.40219.1
Project("{FAE04EC0-301F-11D3-BF4B-00C04F79EFBC}") = "cw2", "cw2.csproj", "{D41556A9-7EEB-4DE3-9FC7-692850C4D2BF}"
EndProject
Global
	GlobalSection(SolutionConfigurationPlatforms) = preSolution
		Debug|Any CPU = Debug|Any CPU
		Release|Any CPU = Release|Any CPU
	EndGlobalSection
	GlobalSection(ProjectConfigurationPlatforms) = postSolution
		{D41556A9-7EEB-4DE3-9FC7-692850C4D2BF}.Debug|Any CPU.ActiveCfg = Debug|Any CPU
		{D41556A9-7EEB-4DE3-9FC7-692850C4D2BF}.Debug|Any CPU.Build.0 = Debug|Any CPU
		{D41556A9-7EEB-4DE3-9FC7-692850C4D2BF}.Release|Any CPU.ActiveCfg = Release|Any CPU
		{D41556A9-7EEB-4DE3-9FC7-692850C4D2BF}.Release|Any CPU.Build.0 = Release|Any CPU
	EndGlobalSection
	GlobalSection(SolutionProperties) = preSolution
		HideSolutionNode = FALSE
	EndGlobalSection
	GlobalSection(ExtensibilityGlobals) = postSolution
		SolutionGuid = {D284CF8F-021F-4927-9E63-E3A8B54ACFDE}
	EndGlobalSection
EndGlobal
