
Microsoft Visual Studio Solution File, Format Version 12.00
# Visual Studio Version 17
VisualStudioVersion = 17.14.36414.22 d17.14
MinimumVisualStudioVersion = 10.0.40219.1
Project("{FAE04EC0-301F-11D3-BF4B-00C04F79EFBC}") = "cw1_ef_sqlite", "cw1_ef_sqlite\cw1_ef_sqlite.csproj", "{16C83BBB-2D8E-4561-BF60-BAA78DEDFE6C}"
EndProject
Global
	GlobalSection(SolutionConfigurationPlatforms) = preSolution
		Debug|Any CPU = Debug|Any CPU
		Release|Any CPU = Release|Any CPU
	EndGlobalSection
	GlobalSection(ProjectConfigurationPlatforms) = postSolution
		{16C83BBB-2D8E-4561-BF60-BAA78DEDFE6C}.Debug|Any CPU.ActiveCfg = Debug|Any CPU
		{16C83BBB-2D8E-4561-BF60-BAA78DEDFE6C}.Debug|Any CPU.Build.0 = Debug|Any CPU
		{16C83BBB-2D8E-4561-BF60-BAA78DEDFE6C}.Release|Any CPU.ActiveCfg = Release|Any CPU
		{16C83BBB-2D8E-4561-BF60-BAA78DEDFE6C}.Release|Any CPU.Build.0 = Release|Any CPU
	EndGlobalSection
	GlobalSection(SolutionProperties) = preSolution
		HideSolutionNode = FALSE
	EndGlobalSection
	GlobalSection(ExtensibilityGlobals) = postSolution
		SolutionGuid = {E49A5C89-F533-47E0-A77F-391F5E14EDC5}
	EndGlobalSection
EndGlobal
