Microsoft Visual Studio Solution File, Format Version 12.00
# Visual Studio Version 17
VisualStudioVersion = 17.5.2.0
MinimumVisualStudioVersion = 10.0.40219.1
Project("{FAE04EC0-301F-11D3-BF4B-00C04F79EFBC}") = "cw7", "cw7.csproj", "{64F67084-E8CB-1020-BB92-0B3240149CBC}"
EndProject
Global
	GlobalSection(SolutionConfigurationPlatforms) = preSolution
		Debug|Any CPU = Debug|Any CPU
		Release|Any CPU = Release|Any CPU
	EndGlobalSection
	GlobalSection(ProjectConfigurationPlatforms) = postSolution
		{64F67084-E8CB-1020-BB92-0B3240149CBC}.Debug|Any CPU.ActiveCfg = Debug|Any CPU
		{64F67084-E8CB-1020-BB92-0B3240149CBC}.Debug|Any CPU.Build.0 = Debug|Any CPU
		{64F67084-E8CB-1020-BB92-0B3240149CBC}.Release|Any CPU.ActiveCfg = Release|Any CPU
		{64F67084-E8CB-1020-BB92-0B3240149CBC}.Release|Any CPU.Build.0 = Release|Any CPU
	EndGlobalSection
	GlobalSection(SolutionProperties) = preSolution
		HideSolutionNode = FALSE
	EndGlobalSection
	GlobalSection(ExtensibilityGlobals) = postSolution
		SolutionGuid = {50958ABB-3AB4-44C7-B056-0B6FF18A8991}
	EndGlobalSection
EndGlobal
