
Microsoft Visual Studio Solution File, Format Version 12.00
# Visual Studio Version 17
VisualStudioVersion = 17.11.35327.3
MinimumVisualStudioVersion = 10.0.40219.1
Project("{8BC9CEB8-8B4A-11D0-8D11-00A0C91BC942}") = "cw8", "cw8.vcxproj", "{A118ECC2-6FA5-45BC-A3B9-E59949E115A9}"
EndProject
Global
	GlobalSection(SolutionConfigurationPlatforms) = preSolution
		Debug|x64 = Debug|x64
		Debug|x86 = Debug|x86
		Release|x64 = Release|x64
		Release|x86 = Release|x86
	EndGlobalSection
	GlobalSection(ProjectConfigurationPlatforms) = postSolution
		{A118ECC2-6FA5-45BC-A3B9-E59949E115A9}.Debug|x64.ActiveCfg = Debug|x64
		{A118ECC2-6FA5-45BC-A3B9-E59949E115A9}.Debug|x64.Build.0 = Debug|x64
		{A118ECC2-6FA5-45BC-A3B9-E59949E115A9}.Debug|x86.ActiveCfg = Debug|Win32
		{A118ECC2-6FA5-45BC-A3B9-E59949E115A9}.Debug|x86.Build.0 = Debug|Win32
		{A118ECC2-6FA5-45BC-A3B9-E59949E115A9}.Release|x64.ActiveCfg = Release|x64
		{A118ECC2-6FA5-45BC-A3B9-E59949E115A9}.Release|x64.Build.0 = Release|x64
		{A118ECC2-6FA5-45BC-A3B9-E59949E115A9}.Release|x86.ActiveCfg = Release|Win32
		{A118ECC2-6FA5-45BC-A3B9-E59949E115A9}.Release|x86.Build.0 = Release|Win32
	EndGlobalSection
	GlobalSection(SolutionProperties) = preSolution
		HideSolutionNode = FALSE
	EndGlobalSection
	GlobalSection(ExtensibilityGlobals) = postSolution
		SolutionGuid = {D80B9FE5-5C4D-477A-826E-B2712F62E404}
	EndGlobalSection
EndGlobal
