
Microsoft Visual Studio Solution File, Format Version 12.00
# Visual Studio Version 17
VisualStudioVersion = 17.0.31903.59
MinimumVisualStudioVersion = 10.0.40219.1
Project("{FAE04EC0-301F-11D3-BF4B-00C04F79EFBC}") = "cw11", "cw11\cw11.csproj", "{033B8CCB-4D31-445A-810A-8A4EC116CCA1}"
EndProject
Global
	GlobalSection(SolutionConfigurationPlatforms) = preSolution
		Debug|Any CPU = Debug|Any CPU
		Release|Any CPU = Release|Any CPU
	EndGlobalSection
	GlobalSection(SolutionProperties) = preSolution
		HideSolutionNode = FALSE
	EndGlobalSection
	GlobalSection(ProjectConfigurationPlatforms) = postSolution
		{033B8CCB-4D31-445A-810A-8A4EC116CCA1}.Debug|Any CPU.ActiveCfg = Debug|Any CPU
		{033B8CCB-4D31-445A-810A-8A4EC116CCA1}.Debug|Any CPU.Build.0 = Debug|Any CPU
		{033B8CCB-4D31-445A-810A-8A4EC116CCA1}.Release|Any CPU.ActiveCfg = Release|Any CPU
		{033B8CCB-4D31-445A-810A-8A4EC116CCA1}.Release|Any CPU.Build.0 = Release|Any CPU
	EndGlobalSection
EndGlobal
