
Microsoft Visual Studio Solution File, Format Version 12.00
# Visual Studio Version 18
VisualStudioVersion = 18.2.11415.280
MinimumVisualStudioVersion = 10.0.40219.1
Project("{FAE04EC0-301F-11D3-BF4B-00C04F79EFBC}") = "cw9 cezar", "cw9 cezar.csproj", "{4AFE8D7A-D8B5-42EC-938C-435780731433}"
EndProject
Project("{FAE04EC0-301F-11D3-BF4B-00C04F79EFBC}") = "cw9 test", "..\cw9 test\cw9 test.csproj", "{DDC528D2-6E42-4DDB-BCE4-07A5DB039BD8}"
EndProject
Project("{FAE04EC0-301F-11D3-BF4B-00C04F79EFBC}") = "cw9 classlib", "..\cw9 classlib\cw9 classlib.csproj", "{EAC99255-A856-4C54-8FA6-294918693634}"
EndProject
Global
	GlobalSection(SolutionConfigurationPlatforms) = preSolution
		Debug|Any CPU = Debug|Any CPU
		Release|Any CPU = Release|Any CPU
	EndGlobalSection
	GlobalSection(ProjectConfigurationPlatforms) = postSolution
		{4AFE8D7A-D8B5-42EC-938C-435780731433}.Debug|Any CPU.ActiveCfg = Debug|Any CPU
		{4AFE8D7A-D8B5-42EC-938C-435780731433}.Debug|Any CPU.Build.0 = Debug|Any CPU
		{4AFE8D7A-D8B5-42EC-938C-435780731433}.Release|Any CPU.ActiveCfg = Release|Any CPU
		{4AFE8D7A-D8B5-42EC-938C-435780731433}.Release|Any CPU.Build.0 = Release|Any CPU
		{DDC528D2-6E42-4DDB-BCE4-07A5DB039BD8}.Debug|Any CPU.ActiveCfg = Debug|Any CPU
		{DDC528D2-6E42-4DDB-BCE4-07A5DB039BD8}.Debug|Any CPU.Build.0 = Debug|Any CPU
		{DDC528D2-6E42-4DDB-BCE4-07A5DB039BD8}.Release|Any CPU.ActiveCfg = Release|Any CPU
		{DDC528D2-6E42-4DDB-BCE4-07A5DB039BD8}.Release|Any CPU.Build.0 = Release|Any CPU
		{EAC99255-A856-4C54-8FA6-294918693634}.Debug|Any CPU.ActiveCfg = Debug|Any CPU
		{EAC99255-A856-4C54-8FA6-294918693634}.Debug|Any CPU.Build.0 = Debug|Any CPU
		{EAC99255-A856-4C54-8FA6-294918693634}.Release|Any CPU.ActiveCfg = Release|Any CPU
		{EAC99255-A856-4C54-8FA6-294918693634}.Release|Any CPU.Build.0 = Release|Any CPU
	EndGlobalSection
	GlobalSection(SolutionProperties) = preSolution
		HideSolutionNode = FALSE
	EndGlobalSection
	GlobalSection(ExtensibilityGlobals) = postSolution
		SolutionGuid = {B693EE06-2434-4410-A8FE-DC6C37B397A4}
	EndGlobalSection
EndGlobal
