
Microsoft Visual Studio Solution File, Format Version 12.00
# Visual Studio Version 17
VisualStudioVersion = 17.5.002.0
MinimumVisualStudioVersion = 10.0.40219.1
Project("{9A19103F-16F7-4668-BE54-9A1E7A4F7556}") = "cw13", "cw13\cw13.csproj", "{BA733160-FCE4-4180-8433-020CC64D7030}"
EndProject
Global
	GlobalSection(SolutionConfigurationPlatforms) = preSolution
		Debug|Any CPU = Debug|Any CPU
		Release|Any CPU = Release|Any CPU
	EndGlobalSection
	GlobalSection(ProjectConfigurationPlatforms) = postSolution
		{BA733160-FCE4-4180-8433-020CC64D7030}.Debug|Any CPU.ActiveCfg = Debug|Any CPU
		{BA733160-FCE4-4180-8433-020CC64D7030}.Debug|Any CPU.Build.0 = Debug|Any CPU
		{BA733160-FCE4-4180-8433-020CC64D7030}.Release|Any CPU.ActiveCfg = Release|Any CPU
		{BA733160-FCE4-4180-8433-020CC64D7030}.Release|Any CPU.Build.0 = Release|Any CPU
	EndGlobalSection
	GlobalSection(SolutionProperties) = preSolution
		HideSolutionNode = FALSE
	EndGlobalSection
	GlobalSection(ExtensibilityGlobals) = postSolution
		SolutionGuid = {6F5F3BD5-D17F-4F5E-8613-9A656E912139}
	EndGlobalSection
EndGlobal
