Microsoft Visual Studio Solution File, Format Version 12.00
# Visual Studio Version 17
VisualStudioVersion = 17.5.2.0
MinimumVisualStudioVersion = 10.0.40219.1
Project("{FAE04EC0-301F-11D3-BF4B-00C04F79EFBC}") = "cw4_sol_api.Api", "cw4_sol_api.Api.csproj", "{1F372D22-A9A6-ED04-9784-532007449271}"
EndProject
Global
	GlobalSection(SolutionConfigurationPlatforms) = preSolution
		Debug|Any CPU = Debug|Any CPU
		Release|Any CPU = Release|Any CPU
	EndGlobalSection
	GlobalSection(ProjectConfigurationPlatforms) = postSolution
		{1F372D22-A9A6-ED04-9784-532007449271}.Debug|Any CPU.ActiveCfg = Debug|Any CPU
		{1F372D22-A9A6-ED04-9784-532007449271}.Debug|Any CPU.Build.0 = Debug|Any CPU
		{1F372D22-A9A6-ED04-9784-532007449271}.Release|Any CPU.ActiveCfg = Release|Any CPU
		{1F372D22-A9A6-ED04-9784-532007449271}.Release|Any CPU.Build.0 = Release|Any CPU
	EndGlobalSection
	GlobalSection(SolutionProperties) = preSolution
		HideSolutionNode = FALSE
	EndGlobalSection
	GlobalSection(ExtensibilityGlobals) = postSolution
		SolutionGuid = {D4881C5A-A881-41EA-AF4F-494B6AF692EF}
	EndGlobalSection
EndGlobal
