
Microsoft Visual Studio Solution File, Format Version 12.00
# Visual Studio Version 17
VisualStudioVersion = 17.8.34330.188
MinimumVisualStudioVersion = 10.0.40219.1
Project("{FAE04EC0-301F-11D3-BF4B-00C04F79EFBC}") = "cw15", "cw15\cw15.csproj", "{0E909E6C-1C0B-4AED-BF6E-608713CDA4E3}"
EndProject
Global
	GlobalSection(SolutionConfigurationPlatforms) = preSolution
		Debug|Any CPU = Debug|Any CPU
		Release|Any CPU = Release|Any CPU
	EndGlobalSection
	GlobalSection(ProjectConfigurationPlatforms) = postSolution
		{0E909E6C-1C0B-4AED-BF6E-608713CDA4E3}.Debug|Any CPU.ActiveCfg = Debug|Any CPU
		{0E909E6C-1C0B-4AED-BF6E-608713CDA4E3}.Debug|Any CPU.Build.0 = Debug|Any CPU
		{0E909E6C-1C0B-4AED-BF6E-608713CDA4E3}.Release|Any CPU.ActiveCfg = Release|Any CPU
		{0E909E6C-1C0B-4AED-BF6E-608713CDA4E3}.Release|Any CPU.Build.0 = Release|Any CPU
	EndGlobalSection
	GlobalSection(SolutionProperties) = preSolution
		HideSolutionNode = FALSE
	EndGlobalSection
	GlobalSection(ExtensibilityGlobals) = postSolution
		SolutionGuid = {5AA2028D-BAD8-4F8D-A795-B18A5B8C994D}
	EndGlobalSection
EndGlobal
