
Microsoft Visual Studio Solution File, Format Version 12.00
# Visual Studio Version 17
VisualStudioVersion = 17.8.34330.188
MinimumVisualStudioVersion = 10.0.40219.1
Project("{FAE04EC0-301F-11D3-BF4B-00C04F79EFBC}") = "cw10", "cw10\cw10.csproj", "{15F91D52-A7C2-42A7-985B-0757DE34F9D6}"
EndProject
Global
	GlobalSection(SolutionConfigurationPlatforms) = preSolution
		Debug|Any CPU = Debug|Any CPU
		Release|Any CPU = Release|Any CPU
	EndGlobalSection
	GlobalSection(ProjectConfigurationPlatforms) = postSolution
		{15F91D52-A7C2-42A7-985B-0757DE34F9D6}.Debug|Any CPU.ActiveCfg = Debug|Any CPU
		{15F91D52-A7C2-42A7-985B-0757DE34F9D6}.Debug|Any CPU.Build.0 = Debug|Any CPU
		{15F91D52-A7C2-42A7-985B-0757DE34F9D6}.Release|Any CPU.ActiveCfg = Release|Any CPU
		{15F91D52-A7C2-42A7-985B-0757DE34F9D6}.Release|Any CPU.Build.0 = Release|Any CPU
	EndGlobalSection
	GlobalSection(SolutionProperties) = preSolution
		HideSolutionNode = FALSE
	EndGlobalSection
	GlobalSection(ExtensibilityGlobals) = postSolution
		SolutionGuid = {E609133E-EFBD-4B67-9EF1-218064F0E5E4}
	EndGlobalSection
EndGlobal
